
Microsoft Visual Studio Solution File, Format Version 12.00
# Visual Studio 2013
VisualStudioVersion = 12.0.31101.0
MinimumVisualStudioVersion = 10.0.40219.1
Project("{FAE04EC0-301F-11D3-BF4B-00C04F79EFBC}") = "Infra.Data", "Infra.Data\Infra.Data.csproj", "{AE995F02-CD2E-4D26-B15C-6B05EAB69796}"
EndProject
Project("{FAE04EC0-301F-11D3-BF4B-00C04F79EFBC}") = "Dominio", "Dominio\Dominio.csproj", "{3B5285DE-7D4E-4B46-8D38-9B317E824443}"
EndProject
Project("{FAE04EC0-301F-11D3-BF4B-00C04F79EFBC}") = "Aplicacao", "Aplicacao\Aplicacao.csproj", "{57C6B8BB-BFD6-4F31-9C8E-A4AD88640619}"
EndProject
Project("{FAE04EC0-301F-11D3-BF4B-00C04F79EFBC}") = "Alvo", "Alvo\Alvo.csproj", "{94BDD77F-D4DA-42A9-A70F-6D2DF868B183}"
EndProject
Global
	GlobalSection(SolutionConfigurationPlatforms) = preSolution
		Debug|Any CPU = Debug|Any CPU
		Release|Any CPU = Release|Any CPU
	EndGlobalSection
	GlobalSection(ProjectConfigurationPlatforms) = postSolution
		{AE995F02-CD2E-4D26-B15C-6B05EAB69796}.Debug|Any CPU.ActiveCfg = Debug|Any CPU
		{AE995F02-CD2E-4D26-B15C-6B05EAB69796}.Debug|Any CPU.Build.0 = Debug|Any CPU
		{AE995F02-CD2E-4D26-B15C-6B05EAB69796}.Release|Any CPU.ActiveCfg = Release|Any CPU
		{AE995F02-CD2E-4D26-B15C-6B05EAB69796}.Release|Any CPU.Build.0 = Release|Any CPU
		{3B5285DE-7D4E-4B46-8D38-9B317E824443}.Debug|Any CPU.ActiveCfg = Debug|Any CPU
		{3B5285DE-7D4E-4B46-8D38-9B317E824443}.Debug|Any CPU.Build.0 = Debug|Any CPU
		{3B5285DE-7D4E-4B46-8D38-9B317E824443}.Release|Any CPU.ActiveCfg = Release|Any CPU
		{3B5285DE-7D4E-4B46-8D38-9B317E824443}.Release|Any CPU.Build.0 = Release|Any CPU
		{57C6B8BB-BFD6-4F31-9C8E-A4AD88640619}.Debug|Any CPU.ActiveCfg = Debug|Any CPU
		{57C6B8BB-BFD6-4F31-9C8E-A4AD88640619}.Debug|Any CPU.Build.0 = Debug|Any CPU
		{57C6B8BB-BFD6-4F31-9C8E-A4AD88640619}.Release|Any CPU.ActiveCfg = Release|Any CPU
		{57C6B8BB-BFD6-4F31-9C8E-A4AD88640619}.Release|Any CPU.Build.0 = Release|Any CPU
		{94BDD77F-D4DA-42A9-A70F-6D2DF868B183}.Debug|Any CPU.ActiveCfg = Debug|Any CPU
		{94BDD77F-D4DA-42A9-A70F-6D2DF868B183}.Debug|Any CPU.Build.0 = Debug|Any CPU
		{94BDD77F-D4DA-42A9-A70F-6D2DF868B183}.Release|Any CPU.ActiveCfg = Release|Any CPU
		{94BDD77F-D4DA-42A9-A70F-6D2DF868B183}.Release|Any CPU.Build.0 = Release|Any CPU
	EndGlobalSection
	GlobalSection(SolutionProperties) = preSolution
		HideSolutionNode = FALSE
	EndGlobalSection
EndGlobal
